
Microsoft Visual Studio Solution File, Format Version 12.00
# Visual Studio Version 16
VisualStudioVersion = 16.0.31613.86
MinimumVisualStudioVersion = 10.0.40219.1
Project("{FAE04EC0-301F-11D3-BF4B-00C04F79EFBC}") = "SAF_3T", "SAF_3T.csproj", "{41B9C758-F6B5-488D-8C4D-785B2C05AB8F}"
EndProject
Global
	GlobalSection(SolutionConfigurationPlatforms) = preSolution
		Debug|Any CPU = Debug|Any CPU
		Release|Any CPU = Release|Any CPU
	EndGlobalSection
	GlobalSection(ProjectConfigurationPlatforms) = postSolution
		{41B9C758-F6B5-488D-8C4D-785B2C05AB8F}.Debug|Any CPU.ActiveCfg = Debug|Any CPU
		{41B9C758-F6B5-488D-8C4D-785B2C05AB8F}.Debug|Any CPU.Build.0 = Debug|Any CPU
		{41B9C758-F6B5-488D-8C4D-785B2C05AB8F}.Release|Any CPU.ActiveCfg = Release|Any CPU
		{41B9C758-F6B5-488D-8C4D-785B2C05AB8F}.Release|Any CPU.Build.0 = Release|Any CPU
	EndGlobalSection
	GlobalSection(SolutionProperties) = preSolution
		HideSolutionNode = FALSE
	EndGlobalSection
	GlobalSection(ExtensibilityGlobals) = postSolution
		SolutionGuid = {08E6C3A5-EB9C-4EEC-BB51-1D4C777A4B2C}
	EndGlobalSection
EndGlobal
